{
  "name": "@materialios/contexts",
  "version": "0.1.1",
  "lockfileVersion": 1,
  "requires": true,
  "dependencies": {
    "@materialios/hooks": {
      "version": "0.1.1",
      "resolved": "https://registry.npmjs.org/@materialios/hooks/-/hooks-0.1.1.tgz",
      "integrity": "sha512-700Ec1s3c3QjrRo8ypi2Zfh9dNnLqCkJu/ot4YySBmRM8OvHQV4STN3Gk5i9aeuAh1Uzxoa+i9BZjx3AQY0Shw=="
    }
  }
}
